<?xml version="1.0" encoding="utf-8"?>
<Project ToolsVersion="4.0" xmlns="http://schemas.microsoft.com/developer/msbuild/2003">
  <ItemGroup>
    <Filter Include="Source Files">
      <UniqueIdentifier>{4FC737F1-C7A5-4376-A066-2A32D752A2FF}</UniqueIdentifier>
      <Extensions>cpp;c;cc;cxx;def;odl;idl;hpj;bat;asm;asmx</Extensions>
    </Filter>
    <Filter Include="Header Files">
      <UniqueIdentifier>{93995380-89BD-4b04-88EB-625FBE52EBFB}</UniqueIdentifier>
      <Extensions>h;hpp;hxx;hm;inl;inc;xsd</Extensions>
    </Filter>
    <Filter Include="Resource Files">
      <UniqueIdentifier>{67DA6AB6-F800-4c08-8B7A-83BB121AAD01}</UniqueIdentifier>
      <Extensions>rc;ico;cur;bmp;dlg;rc2;rct;bin;rgs;gif;jpg;jpeg;jpe;resx;tiff;tif;png;wav;mfcribbon-ms</Extensions>
    </Filter>
  </ItemGroup>
  <ItemGroup>
    <ClInclude Include="Source\Model\CPU.h">
      <Filter>Header Files</Filter>
    </ClInclude>
    <ClInclude Include="Source\Dao\Dao.h">
      <Filter>Header Files</Filter>
    </ClInclude>
    <ClInclude Include="Source\Dao\DaoCpu.h">
      <Filter>Header Files</Filter>
    </ClInclude>
    <ClInclude Include="Source\Dao\DaoMemory.h">
      <Filter>Header Files</Filter>
    </ClInclude>
    <ClInclude Include="Source\Dao\DaoNetworkAdapter.h">
      <Filter>Header Files</Filter>
    </ClInclude>
    <ClInclude Include="Source\Dao\DaoNetworkAdapterConfiguration.h">
      <Filter>Header Files</Filter>
    </ClInclude>
    <ClInclude Include="Source\Dao\DaoPartition.h">
      <Filter>Header Files</Filter>
    </ClInclude>
    <ClInclude Include="Source\Dao\DaoPhysicalDisk.h">
      <Filter>Header Files</Filter>
    </ClInclude>
    <ClInclude Include="Source\Dao\DaoPhysicalMemory.h">
      <Filter>Header Files</Filter>
    </ClInclude>
    <ClInclude Include="Source\Dao\DaoProcess.h">
      <Filter>Header Files</Filter>
    </ClInclude>
    <ClInclude Include="Source\Dao\daoservice.h">
      <Filter>Header Files</Filter>
    </ClInclude>
    <ClInclude Include="Source\Model\Memory.h">
      <Filter>Header Files</Filter>
    </ClInclude>
    <ClInclude Include="Source\Model\NetworkAdapter.h">
      <Filter>Header Files</Filter>
    </ClInclude>
    <ClInclude Include="Source\Model\NetworkAdapterConfiguration.h">
      <Filter>Header Files</Filter>
    </ClInclude>
    <ClInclude Include="Source\Model\Partition.h">
      <Filter>Header Files</Filter>
    </ClInclude>
    <ClInclude Include="Source\Model\PhysicalDisk.h">
      <Filter>Header Files</Filter>
    </ClInclude>
    <ClInclude Include="Source\Model\PhysicalMemory.h">
      <Filter>Header Files</Filter>
    </ClInclude>
    <ClInclude Include="Source\Model\Process.h">
      <Filter>Header Files</Filter>
    </ClInclude>
    <ClInclude Include="Source\Model\service.h">
      <Filter>Header Files</Filter>
    </ClInclude>
    <ClInclude Include="Source\Model\win32.h">
      <Filter>Header Files</Filter>
    </ClInclude>
    <ClInclude Include="Source\Service\serviceServices.h">
      <Filter>Header Files</Filter>
    </ClInclude>
    <ClInclude Include="Source\Service\serviceProcesses.h">
      <Filter>Header Files</Filter>
    </ClInclude>
    <ClInclude Include="Source\Service\servicePhysicalDisk.h">
      <Filter>Header Files</Filter>
    </ClInclude>
    <ClInclude Include="Source\Service\serviceNetworkAdapter.h">
      <Filter>Header Files</Filter>
    </ClInclude>
    <ClInclude Include="Source\Service\serviceMemory.h">
      <Filter>Header Files</Filter>
    </ClInclude>
    <ClInclude Include="Source\Service\serviceCpu.h">
      <Filter>Header Files</Filter>
    </ClInclude>
    <ClInclude Include="Source\Service\absServices.h">
      <Filter>Header Files</Filter>
    </ClInclude>
  </ItemGroup>
  <ItemGroup>
    <ClCompile Include="Source\Model\cpu.cpp">
      <Filter>Source Files</Filter>
    </ClCompile>
    <ClCompile Include="Source\Dao\DaoCpu.cpp">
      <Filter>Source Files</Filter>
    </ClCompile>
    <ClCompile Include="Source\Dao\daoservice.cpp">
      <Filter>Source Files</Filter>
    </ClCompile>
    <ClCompile Include="Source\main.cpp">
      <Filter>Source Files</Filter>
    </ClCompile>
    <ClCompile Include="Source\Model\service.cpp">
      <Filter>Source Files</Filter>
    </ClCompile>
    <ClCompile Include="Source\Model\win32.cpp">
      <Filter>Source Files</Filter>
    </ClCompile>
  </ItemGroup>
  <ItemGroup>
    <None Include="sysinfo.json">
      <Filter>Resource Files</Filter>
    </None>
    <None Include="cerr">
      <Filter>Resource Files</Filter>
    </None>
    <None Include="cout">
      <Filter>Resource Files</Filter>
    </None>
    <None Include="packages.config" />
  </ItemGroup>
</Project>