<?xml version="1.0" encoding="utf-8"?>
<Project ToolsVersion="4.0" xmlns="http://schemas.microsoft.com/developer/msbuild/2003">
  <ItemGroup>
    <Filter Include="Source Files">
      <UniqueIdentifier>{4FC737F1-C7A5-4376-A066-2A32D752A2FF}</UniqueIdentifier>
      <Extensions>cpp;c;cc;cxx;def;odl;idl;hpj;bat;asm;asmx</Extensions>
    </Filter>
    <Filter Include="Header Files">
      <UniqueIdentifier>{93995380-89BD-4b04-88EB-625FBE52EBFB}</UniqueIdentifier>
      <Extensions>h;hpp;hxx;hm;inl;inc;xsd</Extensions>
    </Filter>
    <Filter Include="Resource Files">
      <UniqueIdentifier>{67DA6AB6-F800-4c08-8B7A-83BB121AAD01}</UniqueIdentifier>
      <Extensions>rc;ico;cur;bmp;dlg;rc2;rct;bin;rgs;gif;jpg;jpeg;jpe;resx;tiff;tif;png;wav;mfcribbon-ms</Extensions>
    </Filter>
  </ItemGroup>
  <ItemGroup>
    <ClInclude Include=".\Source\abstJson.h">
      <Filter>Header Files</Filter>
    </ClInclude>
    <ClInclude Include=".\Source\absttest.h">
      <Filter>Header Files</Filter>
    </ClInclude>
    <ClInclude Include="Source\CPU.h">
      <Filter>Header Files</Filter>
    </ClInclude>
    <ClInclude Include="Source\Dao.h">
      <Filter>Header Files</Filter>
    </ClInclude>
    <ClInclude Include="Source\DaoCpu.h">
      <Filter>Header Files</Filter>
    </ClInclude>
    <ClInclude Include="Source\DaoMemory.h">
      <Filter>Header Files</Filter>
    </ClInclude>
    <ClInclude Include="Source\DaoNetworkAdapter.h">
      <Filter>Header Files</Filter>
    </ClInclude>
    <ClInclude Include="Source\DaoNetworkAdapterConfiguration.h">
      <Filter>Header Files</Filter>
    </ClInclude>
    <ClInclude Include="Source\DaoPartition.h">
      <Filter>Header Files</Filter>
    </ClInclude>
    <ClInclude Include="Source\DaoPhysicalDisk.h">
      <Filter>Header Files</Filter>
    </ClInclude>
    <ClInclude Include="Source\DaoPhysicalMemory.h">
      <Filter>Header Files</Filter>
    </ClInclude>
    <ClInclude Include="Source\DaoProcess.h">
      <Filter>Header Files</Filter>
    </ClInclude>
    <ClInclude Include="Source\daoservice.h">
      <Filter>Header Files</Filter>
    </ClInclude>
    <ClInclude Include="Source\json.h">
      <Filter>Header Files</Filter>
    </ClInclude>
    <ClInclude Include="Source\json_cpu.h">
      <Filter>Header Files</Filter>
    </ClInclude>
    <ClInclude Include="Source\json_memory.h">
      <Filter>Header Files</Filter>
    </ClInclude>
    <ClInclude Include="Source\json_physicalDisk.h">
      <Filter>Header Files</Filter>
    </ClInclude>
    <ClInclude Include="Source\json_processes.h">
      <Filter>Header Files</Filter>
    </ClInclude>
    <ClInclude Include="Source\json_service.h">
      <Filter>Header Files</Filter>
    </ClInclude>
    <ClInclude Include="Source\Memory.h">
      <Filter>Header Files</Filter>
    </ClInclude>
    <ClInclude Include="Source\NetworkAdapter.h">
      <Filter>Header Files</Filter>
    </ClInclude>
    <ClInclude Include="Source\NetworkAdapterConfiguration.h">
      <Filter>Header Files</Filter>
    </ClInclude>
    <ClInclude Include="Source\Partition.h">
      <Filter>Header Files</Filter>
    </ClInclude>
    <ClInclude Include="Source\PhysicalDisk.h">
      <Filter>Header Files</Filter>
    </ClInclude>
    <ClInclude Include="Source\PhysicalMemory.h">
      <Filter>Header Files</Filter>
    </ClInclude>
    <ClInclude Include="Source\Process.h">
      <Filter>Header Files</Filter>
    </ClInclude>
    <ClInclude Include="Source\service.h">
      <Filter>Header Files</Filter>
    </ClInclude>
    <ClInclude Include="Source\testcpu.h">
      <Filter>Header Files</Filter>
    </ClInclude>
    <ClInclude Include="Source\testMemory.h">
      <Filter>Header Files</Filter>
    </ClInclude>
    <ClInclude Include="Source\testNetworAdapter.h">
      <Filter>Header Files</Filter>
    </ClInclude>
    <ClInclude Include="Source\testPhysicalDisk.h">
      <Filter>Header Files</Filter>
    </ClInclude>
    <ClInclude Include="Source\testProcesses.h">
      <Filter>Header Files</Filter>
    </ClInclude>
    <ClInclude Include="Source\testservice.h">
      <Filter>Header Files</Filter>
    </ClInclude>
    <ClInclude Include="Source\win32.h">
      <Filter>Header Files</Filter>
    </ClInclude>
  </ItemGroup>
  <ItemGroup>
    <ClCompile Include="Source\cpu.cpp">
      <Filter>Source Files</Filter>
    </ClCompile>
    <ClCompile Include="Source\DaoCpu.cpp">
      <Filter>Source Files</Filter>
    </ClCompile>
    <ClCompile Include="Source\daoservice.cpp">
      <Filter>Source Files</Filter>
    </ClCompile>
    <ClCompile Include="Source\json.cpp">
      <Filter>Source Files</Filter>
    </ClCompile>
    <ClCompile Include="Source\main.cpp">
      <Filter>Source Files</Filter>
    </ClCompile>
    <ClCompile Include="Source\service.cpp">
      <Filter>Source Files</Filter>
    </ClCompile>
    <ClCompile Include="Source\win32.cpp">
      <Filter>Source Files</Filter>
    </ClCompile>
  </ItemGroup>
  <ItemGroup>
    <None Include="sysinfo.json">
      <Filter>Resource Files</Filter>
    </None>
    <None Include="cerr">
      <Filter>Resource Files</Filter>
    </None>
    <None Include="cout">
      <Filter>Resource Files</Filter>
    </None>
    <None Include="packages.config" />
  </ItemGroup>
</Project>